Microsoft Visual Studio Solution File, Format Version 11.00
# Visual Studio 2008

Project("{03769F36-4560-FB04-C40E-A3C93ED9AD0F}") = "cls_upper", "Assembly-CSharp-firstpass.csproj", "{9637C9F2-3706-3FA1-9C81-071EB528B111}"
EndProject
Project("{03769F36-4560-FB04-C40E-A3C93ED9AD0F}") = "cls_upper", "Assembly-CSharp.csproj", "{C4043DB5-EBD5-D059-2846-EADB8C36E1CA}"
EndProject
Project("{03769F36-4560-FB04-C40E-A3C93ED9AD0F}") = "cls_upper", "Assembly-CSharp-Editor.csproj", "{FB7C3892-0FD8-1AB9-7600-00788FEDC604}"
EndProject
Project("{03769F36-4560-FB04-C40E-A3C93ED9AD0F}") = "cls_upper", "Assembly-UnityScript-firstpass.unityproj", "{DBC52551-76C5-9093-7F8A-DC556A7B5BA9}"
EndProject
Project("{03769F36-4560-FB04-C40E-A3C93ED9AD0F}") = "cls_upper", "Assembly-UnityScript.unityproj", "{1549A2DA-D68E-27A0-8B0C-638A1D9EF1B3}"
EndProject
Global
	GlobalSection(SolutionConfigurationPlatforms) = preSolution
		Debug|Any CPU = Debug|Any CPU
		Release|Any CPU = Release|Any CPU
	EndGlobalSection
	GlobalSection(ProjectConfigurationPlatforms) = postSolution
		{9637C9F2-3706-3FA1-9C81-071EB528B111}.Debug|Any CPU.ActiveCfg = Debug|Any CPU
		{9637C9F2-3706-3FA1-9C81-071EB528B111}.Debug|Any CPU.Build.0 = Debug|Any CPU
		{9637C9F2-3706-3FA1-9C81-071EB528B111}.Release|Any CPU.ActiveCfg = Release|Any CPU
		{9637C9F2-3706-3FA1-9C81-071EB528B111}.Release|Any CPU.Build.0 = Release|Any CPU
		{C4043DB5-EBD5-D059-2846-EADB8C36E1CA}.Debug|Any CPU.ActiveCfg = Debug|Any CPU
		{C4043DB5-EBD5-D059-2846-EADB8C36E1CA}.Debug|Any CPU.Build.0 = Debug|Any CPU
		{C4043DB5-EBD5-D059-2846-EADB8C36E1CA}.Release|Any CPU.ActiveCfg = Release|Any CPU
		{C4043DB5-EBD5-D059-2846-EADB8C36E1CA}.Release|Any CPU.Build.0 = Release|Any CPU
		{FB7C3892-0FD8-1AB9-7600-00788FEDC604}.Debug|Any CPU.ActiveCfg = Debug|Any CPU
		{FB7C3892-0FD8-1AB9-7600-00788FEDC604}.Debug|Any CPU.Build.0 = Debug|Any CPU
		{FB7C3892-0FD8-1AB9-7600-00788FEDC604}.Release|Any CPU.ActiveCfg = Release|Any CPU
		{FB7C3892-0FD8-1AB9-7600-00788FEDC604}.Release|Any CPU.Build.0 = Release|Any CPU
		{DBC52551-76C5-9093-7F8A-DC556A7B5BA9}.Debug|Any CPU.ActiveCfg = Debug|Any CPU
		{DBC52551-76C5-9093-7F8A-DC556A7B5BA9}.Debug|Any CPU.Build.0 = Debug|Any CPU
		{DBC52551-76C5-9093-7F8A-DC556A7B5BA9}.Release|Any CPU.ActiveCfg = Release|Any CPU
		{DBC52551-76C5-9093-7F8A-DC556A7B5BA9}.Release|Any CPU.Build.0 = Release|Any CPU
		{1549A2DA-D68E-27A0-8B0C-638A1D9EF1B3}.Debug|Any CPU.ActiveCfg = Debug|Any CPU
		{1549A2DA-D68E-27A0-8B0C-638A1D9EF1B3}.Debug|Any CPU.Build.0 = Debug|Any CPU
		{1549A2DA-D68E-27A0-8B0C-638A1D9EF1B3}.Release|Any CPU.ActiveCfg = Release|Any CPU
		{1549A2DA-D68E-27A0-8B0C-638A1D9EF1B3}.Release|Any CPU.Build.0 = Release|Any CPU
	EndGlobalSection
	GlobalSection(SolutionProperties) = preSolution
		HideSolutionNode = FALSE
	EndGlobalSection
																GlobalSection(MonoDevelopProperties) = preSolution
		StartupItem = Assembly-CSharp.csproj
		Policies = $0
		$0.TextStylePolicy = $1
		$1.inheritsSet = null
		$1.scope = text/x-csharp
		$0.CSharpFormattingPolicy = $2
		$2.inheritsSet = Mono
		$2.inheritsScope = text/x-csharp
		$2.scope = text/x-csharp
		$0.TextStylePolicy = $3
		$3.FileWidth = 120
		$3.TabWidth = 4
		$3.EolMarker = Unix
		$3.inheritsSet = Mono
		$3.inheritsScope = text/plain
		$3.scope = text/plain
	EndGlobalSection

EndGlobal
